Microsoft Visual Studio Solution File, Format Version 12.00
# Visual Studio Version 17
VisualStudioVersion = 17.5.2.0
MinimumVisualStudioVersion = 10.0.40219.1
Project("{FAE04EC0-301F-11D3-BF4B-00C04F79EFBC}") = "ExamenUnidad3", "ExamenUnidad3.csproj", "{0C87DED2-F549-FFF0-0F05-E0AFF3CF3C78}"
EndProject
Global
	GlobalSection(SolutionConfigurationPlatforms) = preSolution
		Debug|Any CPU = Debug|Any CPU
		Release|Any CPU = Release|Any CPU
	EndGlobalSection
	GlobalSection(ProjectConfigurationPlatforms) = postSolution
		{0C87DED2-F549-FFF0-0F05-E0AFF3CF3C78}.Debug|Any CPU.ActiveCfg = Debug|Any CPU
		{0C87DED2-F549-FFF0-0F05-E0AFF3CF3C78}.Debug|Any CPU.Build.0 = Debug|Any CPU
		{0C87DED2-F549-FFF0-0F05-E0AFF3CF3C78}.Release|Any CPU.ActiveCfg = Release|Any CPU
		{0C87DED2-F549-FFF0-0F05-E0AFF3CF3C78}.Release|Any CPU.Build.0 = Release|Any CPU
	EndGlobalSection
	GlobalSection(SolutionProperties) = preSolution
		HideSolutionNode = FALSE
	EndGlobalSection
	GlobalSection(ExtensibilityGlobals) = postSolution
		SolutionGuid = {C2753D4E-813E-49A0-A42B-2723CC59F93A}
	EndGlobalSection
EndGlobal
